
Microsoft Visual Studio Solution File, Format Version 11.00
# Visual Studio 2010
Project("{FAE04EC0-301F-11D3-BF4B-00C04F79EFBC}") = "Assembly-CSharp", "Assembly-CSharp.csproj", "{C2000BA7-B0C1-BE4E-6036-36F9D29176D4}"
EndProject
Project("{FAE04EC0-301F-11D3-BF4B-00C04F79EFBC}") = "Assembly-CSharp-Editor", "Assembly-CSharp-Editor.csproj", "{C9801DE6-85E5-F47B-5CE5-8DEB65F40F12}"
EndProject
Global
	GlobalSection(SolutionConfigurationPlatforms) = preSolution
		Debug|Any CPU = Debug|Any CPU
		Release|Any CPU = Release|Any CPU
	EndGlobalSection
	GlobalSection(ProjectConfigurationPlatforms) = postSolution
		{C2000BA7-B0C1-BE4E-6036-36F9D29176D4}.Debug|Any CPU.ActiveCfg = Debug|Any CPU
		{C2000BA7-B0C1-BE4E-6036-36F9D29176D4}.Debug|Any CPU.Build.0 = Debug|Any CPU
		{C2000BA7-B0C1-BE4E-6036-36F9D29176D4}.Release|Any CPU.ActiveCfg = Release|Any CPU
		{C2000BA7-B0C1-BE4E-6036-36F9D29176D4}.Release|Any CPU.Build.0 = Release|Any CPU
		{C9801DE6-85E5-F47B-5CE5-8DEB65F40F12}.Debug|Any CPU.ActiveCfg = Debug|Any CPU
		{C9801DE6-85E5-F47B-5CE5-8DEB65F40F12}.Debug|Any CPU.Build.0 = Debug|Any CPU
		{C9801DE6-85E5-F47B-5CE5-8DEB65F40F12}.Release|Any CPU.ActiveCfg = Release|Any CPU
		{C9801DE6-85E5-F47B-5CE5-8DEB65F40F12}.Release|Any CPU.Build.0 = Release|Any CPU
	EndGlobalSection
	GlobalSection(SolutionProperties) = preSolution
		HideSolutionNode = FALSE
	EndGlobalSection
	GlobalSection(MonoDevelopProperties) = preSolution
		StartupItem = Assembly-CSharp.csproj
	EndGlobalSection
EndGlobal
